<?xml version="1.0" encoding="utf-8"?>
<Project ToolsVersion="4.0" xmlns="http://schemas.microsoft.com/developer/msbuild/2003">
  <ItemGroup>
    <Filter Include="Utils">
      <UniqueIdentifier>{1f410275-4b0d-43df-954c-b92d54ee7618}</UniqueIdentifier>
    </Filter>
    <Filter Include="Engine">
      <UniqueIdentifier>{6ce43090-4e57-48dc-b80d-f42cb6f9403d}</UniqueIdentifier>
    </Filter>
    <Filter Include="Engine\Header Files">
      <UniqueIdentifier>{8d2bd962-fb05-47ec-bed6-a7f1e9d42cc4}</UniqueIdentifier>
    </Filter>
    <Filter Include="Engine\Source Files">
      <UniqueIdentifier>{9e558372-5722-4550-818d-f06fa01c97a8}</UniqueIdentifier>
    </Filter>
    <Filter Include="ITMLib">
      <UniqueIdentifier>{96026be7-cddc-4827-a6f2-a92f671fa68a}</UniqueIdentifier>
    </Filter>
    <Filter Include="ITMLib\Engine">
      <UniqueIdentifier>{cb1ec616-84e8-4de0-879e-fa84d2ac4df2}</UniqueIdentifier>
    </Filter>
    <Filter Include="ITMLib\Objects">
      <UniqueIdentifier>{95e47f30-61d1-4489-bada-6f08739de6a5}</UniqueIdentifier>
    </Filter>
    <Filter Include="ITMLib\Utils">
      <UniqueIdentifier>{18ccd70d-1127-4103-9624-6b7cd10b8f4e}</UniqueIdentifier>
    </Filter>
    <Filter Include="ITMLib\Engine\DeviceSpecific">
      <UniqueIdentifier>{0bc217ca-3a93-4865-b554-4b5c013a93b9}</UniqueIdentifier>
    </Filter>
    <Filter Include="ITMLib\Engine\DeviceSpecific\CUDA">
      <UniqueIdentifier>{f0ab1e40-ee17-4e17-a928-11d247a89293}</UniqueIdentifier>
    </Filter>
    <Filter Include="ITMLib\Engine\DeviceSpecific\CPU">
      <UniqueIdentifier>{7b5b0e02-10b2-4547-a38f-59d472a65838}</UniqueIdentifier>
    </Filter>
    <Filter Include="ITMLib\Engine\DeviceAgnostic">
      <UniqueIdentifier>{81fe007a-9227-4a3c-8cc3-91bd54e42b5e}</UniqueIdentifier>
    </Filter>
    <Filter Include="ITMLib\Engine\Trackers">
      <UniqueIdentifier>{b7c1abfb-1faa-4437-b421-e0847200dd2f}</UniqueIdentifier>
    </Filter>
    <Filter Include="ORUtils">
      <UniqueIdentifier>{6f3899ea-e71c-4ae8-a73c-79035b001e5c}</UniqueIdentifier>
    </Filter>
    <Filter Include="ITMLib\Objects\Views">
      <UniqueIdentifier>{e4f41d8a-7752-4cc8-8049-6d535c90a5b1}</UniqueIdentifier>
    </Filter>
    <Filter Include="ITMLib\Objects\Calibration">
      <UniqueIdentifier>{772798a5-4ba4-4789-840f-9c482439838a}</UniqueIdentifier>
    </Filter>
    <Filter Include="ITMLib\Objects\VoxelHashing">
      <UniqueIdentifier>{88256208-5f8b-47de-8978-2aaae8ba1eea}</UniqueIdentifier>
    </Filter>
    <Filter Include="ITMLib\Objects\PlainVoxelArray">
      <UniqueIdentifier>{85026f07-5c4c-4518-91e8-73a350f87441}</UniqueIdentifier>
    </Filter>
  </ItemGroup>
  <ItemGroup>
    <ClCompile Include="Engine\OpenNIEngine.cpp">
      <Filter>Engine\Source Files</Filter>
    </ClCompile>
    <ClCompile Include="InfiniTAM.cpp" />
    <ClCompile Include="Engine\ImageSourceEngine.cpp">
      <Filter>Engine\Source Files</Filter>
    </ClCompile>
    <ClCompile Include="ITMLib\Engine\DeviceSpecific\CPU\ITMLowLevelEngine_CPU.cpp">
      <Filter>ITMLib\Engine\DeviceSpecific\CPU</Filter>
    </ClCompile>
    <ClCompile Include="ITMLib\Engine\DeviceSpecific\CPU\ITMDepthTracker_CPU.cpp">
      <Filter>ITMLib\Engine\DeviceSpecific\CPU</Filter>
    </ClCompile>
    <ClCompile Include="ITMLib\Engine\DeviceSpecific\CPU\ITMSceneReconstructionEngine_CPU.cpp">
      <Filter>ITMLib\Engine\DeviceSpecific\CPU</Filter>
    </ClCompile>
    <ClCompile Include="ITMLib\Engine\ITMMainEngine.cpp">
      <Filter>ITMLib\Engine</Filter>
    </ClCompile>
    <ClCompile Include="ITMLib\Engine\DeviceSpecific\CPU\ITMColorTracker_CPU.cpp">
      <Filter>ITMLib\Engine\DeviceSpecific\CPU</Filter>
    </ClCompile>
    <ClCompile Include="ITMLib\Engine\ITMVisualisationEngine.cpp">
      <Filter>ITMLib\Engine</Filter>
    </ClCompile>
    <ClCompile Include="Engine\UIEngine.cpp">
      <Filter>Engine\Source Files</Filter>
    </ClCompile>
    <ClCompile Include="ITMLib\Engine\DeviceSpecific\CPU\ITMSwappingEngine_CPU.cpp">
      <Filter>ITMLib\Engine\DeviceSpecific\CPU</Filter>
    </ClCompile>
    <ClCompile Include="ITMLib\Engine\DeviceSpecific\CPU\ITMVisualisationEngine_CPU.cpp">
      <Filter>ITMLib\Engine\DeviceSpecific\CPU</Filter>
    </ClCompile>
    <ClCompile Include="Engine\Kinect2Engine.cpp">
      <Filter>Engine\Source Files</Filter>
    </ClCompile>
    <ClCompile Include="ITMLib\Engine\DeviceSpecific\CPU\ITMRenTracker_CPU.cpp">
      <Filter>ITMLib\Engine\DeviceSpecific\CPU</Filter>
    </ClCompile>
    <ClCompile Include="ITMLib\Engine\ITMColorTracker.cpp">
      <Filter>ITMLib\Engine\Trackers</Filter>
    </ClCompile>
    <ClCompile Include="ITMLib\Engine\ITMDepthTracker.cpp">
      <Filter>ITMLib\Engine\Trackers</Filter>
    </ClCompile>
    <ClCompile Include="ITMLib\Engine\ITMRenTracker.cpp">
      <Filter>ITMLib\Engine\Trackers</Filter>
    </ClCompile>
    <ClCompile Include="ITMLib\Engine\ITMDenseMapper.cpp">
      <Filter>ITMLib\Engine</Filter>
    </ClCompile>
    <ClCompile Include="ITMLib\Engine\DeviceSpecific\CPU\ITMViewBuilder_CPU.cpp">
      <Filter>ITMLib\Engine\DeviceSpecific\CPU</Filter>
    </ClCompile>
    <ClCompile Include="ITMLib\Engine\ITMIMUTracker.cpp">
      <Filter>ITMLib\Engine\Trackers</Filter>
    </ClCompile>
    <ClCompile Include="ITMLib\Objects\ITMPose.cpp">
      <Filter>ITMLib\Objects</Filter>
    </ClCompile>
    <ClCompile Include="Engine\IMUSourceEngine.cpp">
      <Filter>Engine\Source Files</Filter>
    </ClCompile>
    <ClCompile Include="ITMLib\Engine\ITMTrackingController.cpp">
      <Filter>ITMLib\Engine</Filter>
    </ClCompile>
    <ClCompile Include="ITMLib\Utils\ITMCalibIO.cpp">
      <Filter>ITMLib\Utils</Filter>
    </ClCompile>
    <ClCompile Include="ITMLib\Utils\ITMLibSettings.cpp">
      <Filter>ITMLib\Utils</Filter>
    </ClCompile>
    <ClCompile Include="Utils\FileUtils.cpp">
      <Filter>Utils</Filter>
    </ClCompile>
    <ClCompile Include="ITMLib\Engine\ITMTrackerFactory.cpp">
      <Filter>ITMLib\Engine</Filter>
    </ClCompile>
    <ClCompile Include="ITMLib\Engine\DeviceSpecific\CPU\ITMMeshingEngine_CPU.cpp">
      <Filter>ITMLib\Engine\DeviceSpecific\CPU</Filter>
    </ClCompile>
    <ClCompile Include="ITMLib\Engine\ITMWeightedICPTracker.cpp">
      <Filter>ITMLib\Engine\Trackers</Filter>
    </ClCompile>
    <ClCompile Include="ITMLib\Engine\DeviceSpecific\CPU\ITMWeightedICPTracker_CPU.cpp">
      <Filter>ITMLib\Engine\DeviceSpecific\CPU</Filter>
    </ClCompile>
    <ClCompile Include="Engine\LibUVCEngine.cpp">
      <Filter>Engine\Source Files</Filter>
    </ClCompile>
    <ClCompile Include="Engine\RealSenseEngine.cpp">
      <Filter>Engine\Source Files</Filter>
    </ClCompile>
    <ClCompile Include="Engine\PicoFlexxEngine.cpp">
      <Filter>Engine\Source Files</Filter>
    </ClCompile>
  </ItemGroup>
  <ItemGroup>
    <ClInclude Include="Engine\OpenNIEngine.h">
      <Filter>Engine\Header Files</Filter>
    </ClInclude>
    <ClInclude Include="ITMLib\ITMLib.h">
      <Filter>ITMLib</Filter>
    </ClInclude>
    <ClInclude Include="Engine\ImageSourceEngine.h">
      <Filter>Engine\Header Files</Filter>
    </ClInclude>
    <ClInclude Include="ITMLib\Engine\DeviceSpecific\CPU\ITMLowLevelEngine_CPU.h">
      <Filter>ITMLib\Engine\DeviceSpecific\CPU</Filter>
    </ClInclude>
    <ClInclude Include="ITMLib\Engine\DeviceSpecific\CPU\ITMDepthTracker_CPU.h">
      <Filter>ITMLib\Engine\DeviceSpecific\CPU</Filter>
    </ClInclude>
    <ClInclude Include="ITMLib\Engine\DeviceAgnostic\ITMSceneReconstructionEngine.h">
      <Filter>ITMLib\Engine\DeviceAgnostic</Filter>
    </ClInclude>
    <ClInclude Include="ITMLib\Engine\DeviceSpecific\CPU\ITMSceneReconstructionEngine_CPU.h">
      <Filter>ITMLib\Engine\DeviceSpecific\CPU</Filter>
    </ClInclude>
    <ClInclude Include="ITMLib\Engine\ITMMainEngine.h">
      <Filter>ITMLib\Engine</Filter>
    </ClInclude>
    <ClInclude Include="ITMLib\Engine\DeviceSpecific\CPU\ITMColorTracker_CPU.h">
      <Filter>ITMLib\Engine\DeviceSpecific\CPU</Filter>
    </ClInclude>
    <ClInclude Include="ITMLib\Engine\ITMVisualisationEngine.h">
      <Filter>ITMLib\Engine</Filter>
    </ClInclude>
    <ClInclude Include="ITMLib\Engine\ITMLowLevelEngine.h">
      <Filter>ITMLib\Engine</Filter>
    </ClInclude>
    <ClInclude Include="ITMLib\Engine\ITMSceneReconstructionEngine.h">
      <Filter>ITMLib\Engine</Filter>
    </ClInclude>
    <ClInclude Include="ITMLib\Engine\DeviceSpecific\CUDA\ITMColorTracker_CUDA.h">
      <Filter>ITMLib\Engine\DeviceSpecific\CUDA</Filter>
    </ClInclude>
    <ClInclude Include="ITMLib\Engine\DeviceSpecific\CUDA\ITMDepthTracker_CUDA.h">
      <Filter>ITMLib\Engine\DeviceSpecific\CUDA</Filter>
    </ClInclude>
    <ClInclude Include="ITMLib\Engine\DeviceSpecific\CUDA\ITMLowLevelEngine_CUDA.h">
      <Filter>ITMLib\Engine\DeviceSpecific\CUDA</Filter>
    </ClInclude>
    <ClInclude Include="ITMLib\Engine\DeviceSpecific\CUDA\ITMSceneReconstructionEngine_CUDA.h">
      <Filter>ITMLib\Engine\DeviceSpecific\CUDA</Filter>
    </ClInclude>
    <ClInclude Include="ITMLib\Engine\DeviceAgnostic\ITMDepthTracker.h">
      <Filter>ITMLib\Engine\DeviceAgnostic</Filter>
    </ClInclude>
    <ClInclude Include="ITMLib\Engine\DeviceAgnostic\ITMLowLevelEngine.h">
      <Filter>ITMLib\Engine\DeviceAgnostic</Filter>
    </ClInclude>
    <ClInclude Include="ITMLib\Engine\DeviceAgnostic\ITMColorTracker.h">
      <Filter>ITMLib\Engine\DeviceAgnostic</Filter>
    </ClInclude>
    <ClInclude Include="Engine\UIEngine.h">
      <Filter>Engine\Header Files</Filter>
    </ClInclude>
    <ClInclude Include="ITMLib\Engine\ITMSwappingEngine.h">
      <Filter>ITMLib\Engine</Filter>
    </ClInclude>
    <ClInclude Include="ITMLib\Engine\DeviceSpecific\CUDA\ITMSwappingEngine_CUDA.h">
      <Filter>ITMLib\Engine\DeviceSpecific\CUDA</Filter>
    </ClInclude>
    <ClInclude Include="ITMLib\Engine\DeviceSpecific\CPU\ITMSwappingEngine_CPU.h">
      <Filter>ITMLib\Engine\DeviceSpecific\CPU</Filter>
    </ClInclude>
    <ClInclude Include="ITMLib\Engine\DeviceSpecific\CUDA\ITMCUDAUtils.h">
      <Filter>ITMLib\Engine\DeviceSpecific\CUDA</Filter>
    </ClInclude>
    <ClInclude Include="ITMLib\Engine\DeviceAgnostic\ITMSwappingEngine.h">
      <Filter>ITMLib\Engine\DeviceAgnostic</Filter>
    </ClInclude>
    <ClInclude Include="ITMLib\Engine\DeviceAgnostic\ITMVisualisationEngine.h">
      <Filter>ITMLib\Engine\DeviceAgnostic</Filter>
    </ClInclude>
    <ClInclude Include="ITMLib\Engine\DeviceSpecific\CPU\ITMVisualisationEngine_CPU.h">
      <Filter>ITMLib\Engine\DeviceSpecific\CPU</Filter>
    </ClInclude>
    <ClInclude Include="ITMLib\Engine\DeviceSpecific\CUDA\ITMVisualisationEngine_CUDA.h">
      <Filter>ITMLib\Engine\DeviceSpecific\CUDA</Filter>
    </ClInclude>
    <ClInclude Include="ITMLib\Engine\DeviceAgnostic\ITMRepresentationAccess.h">
      <Filter>ITMLib\Engine\DeviceAgnostic</Filter>
    </ClInclude>
    <ClInclude Include="Engine\Kinect2Engine.h">
      <Filter>Engine\Header Files</Filter>
    </ClInclude>
    <ClInclude Include="ITMLib\Engine\DeviceAgnostic\ITMRenTracker.h">
      <Filter>ITMLib\Engine\DeviceAgnostic</Filter>
    </ClInclude>
    <ClInclude Include="ITMLib\Engine\DeviceSpecific\CPU\ITMRenTracker_CPU.h">
      <Filter>ITMLib\Engine\DeviceSpecific\CPU</Filter>
    </ClInclude>
    <ClInclude Include="ITMLib\Engine\DeviceSpecific\CUDA\ITMRenTracker_CUDA.h">
      <Filter>ITMLib\Engine\DeviceSpecific\CUDA</Filter>
    </ClInclude>
    <ClInclude Include="ITMLib\Engine\ITMColorTracker.h">
      <Filter>ITMLib\Engine\Trackers</Filter>
    </ClInclude>
    <ClInclude Include="ITMLib\Engine\ITMDepthTracker.h">
      <Filter>ITMLib\Engine\Trackers</Filter>
    </ClInclude>
    <ClInclude Include="ITMLib\Engine\ITMRenTracker.h">
      <Filter>ITMLib\Engine\Trackers</Filter>
    </ClInclude>
    <ClInclude Include="ITMLib\Engine\ITMTracker.h">
      <Filter>ITMLib\Engine\Trackers</Filter>
    </ClInclude>
    <ClInclude Include="ORUtils\Cholesky.h">
      <Filter>ORUtils</Filter>
    </ClInclude>
    <ClInclude Include="ORUtils\CUDADefines.h">
      <Filter>ORUtils</Filter>
    </ClInclude>
    <ClInclude Include="ORUtils\Image.h">
      <Filter>ORUtils</Filter>
    </ClInclude>
    <ClInclude Include="ORUtils\MathUtils.h">
      <Filter>ORUtils</Filter>
    </ClInclude>
    <ClInclude Include="ORUtils\Matrix.h">
      <Filter>ORUtils</Filter>
    </ClInclude>
    <ClInclude Include="ORUtils\Vector.h">
      <Filter>ORUtils</Filter>
    </ClInclude>
    <ClInclude Include="ORUtils\MemoryBlock.h">
      <Filter>ORUtils</Filter>
    </ClInclude>
    <ClInclude Include="ITMLib\Engine\ITMDenseMapper.h">
      <Filter>ITMLib\Engine</Filter>
    </ClInclude>
    <ClInclude Include="ITMLib\Engine\ITMViewBuilder.h">
      <Filter>ITMLib\Engine</Filter>
    </ClInclude>
    <ClInclude Include="ITMLib\Engine\DeviceAgnostic\ITMViewBuilder.h">
      <Filter>ITMLib\Engine\DeviceAgnostic</Filter>
    </ClInclude>
    <ClInclude Include="ITMLib\Engine\DeviceSpecific\CPU\ITMViewBuilder_CPU.h">
      <Filter>ITMLib\Engine\DeviceSpecific\CPU</Filter>
    </ClInclude>
    <ClInclude Include="ITMLib\Engine\DeviceSpecific\CUDA\ITMViewBuilder_CUDA.h">
      <Filter>ITMLib\Engine\DeviceSpecific\CUDA</Filter>
    </ClInclude>
    <ClInclude Include="ITMLib\Engine\ITMIMUTracker.h">
      <Filter>ITMLib\Engine\Trackers</Filter>
    </ClInclude>
    <ClInclude Include="ITMLib\Objects\ITMView.h">
      <Filter>ITMLib\Objects\Views</Filter>
    </ClInclude>
    <ClInclude Include="ITMLib\Objects\ITMViewIMU.h">
      <Filter>ITMLib\Objects\Views</Filter>
    </ClInclude>
    <ClInclude Include="ITMLib\Objects\ITMGlobalCache.h">
      <Filter>ITMLib\Objects</Filter>
    </ClInclude>
    <ClInclude Include="ITMLib\Objects\ITMImageHierarchy.h">
      <Filter>ITMLib\Objects</Filter>
    </ClInclude>
    <ClInclude Include="ITMLib\Objects\ITMIMUMeasurement.h">
      <Filter>ITMLib\Objects</Filter>
    </ClInclude>
    <ClInclude Include="ITMLib\Objects\ITMPointCloud.h">
      <Filter>ITMLib\Objects</Filter>
    </ClInclude>
    <ClInclude Include="ITMLib\Objects\ITMPose.h">
      <Filter>ITMLib\Objects</Filter>
    </ClInclude>
    <ClInclude Include="ITMLib\Objects\ITMRenderState.h">
      <Filter>ITMLib\Objects</Filter>
    </ClInclude>
    <ClInclude Include="ITMLib\Objects\ITMRenderState_VH.h">
      <Filter>ITMLib\Objects</Filter>
    </ClInclude>
    <ClInclude Include="ITMLib\Objects\ITMScene.h">
      <Filter>ITMLib\Objects</Filter>
    </ClInclude>
    <ClInclude Include="ITMLib\Objects\ITMSceneHierarchyLevel.h">
      <Filter>ITMLib\Objects</Filter>
    </ClInclude>
    <ClInclude Include="ITMLib\Objects\ITMSceneParams.h">
      <Filter>ITMLib\Objects</Filter>
    </ClInclude>
    <ClInclude Include="ITMLib\Objects\ITMTemplatedHierarchyLevel.h">
      <Filter>ITMLib\Objects</Filter>
    </ClInclude>
    <ClInclude Include="ITMLib\Objects\ITMTrackingState.h">
      <Filter>ITMLib\Objects</Filter>
    </ClInclude>
    <ClInclude Include="ITMLib\Objects\ITMViewHierarchyLevel.h">
      <Filter>ITMLib\Objects</Filter>
    </ClInclude>
    <ClInclude Include="ITMLib\Objects\ITMDisparityCalib.h">
      <Filter>ITMLib\Objects\Calibration</Filter>
    </ClInclude>
    <ClInclude Include="ITMLib\Objects\ITMExtrinsics.h">
      <Filter>ITMLib\Objects\Calibration</Filter>
    </ClInclude>
    <ClInclude Include="ITMLib\Objects\ITMIntrinsics.h">
      <Filter>ITMLib\Objects\Calibration</Filter>
    </ClInclude>
    <ClInclude Include="ITMLib\Objects\ITMRGBDCalib.h">
      <Filter>ITMLib\Objects\Calibration</Filter>
    </ClInclude>
    <ClInclude Include="ITMLib\Objects\ITMLocalVBA.h">
      <Filter>ITMLib\Objects\VoxelHashing</Filter>
    </ClInclude>
    <ClInclude Include="ITMLib\Objects\ITMVoxelBlockHash.h">
      <Filter>ITMLib\Objects\VoxelHashing</Filter>
    </ClInclude>
    <ClInclude Include="ITMLib\Objects\ITMPlainVoxelArray.h">
      <Filter>ITMLib\Objects\PlainVoxelArray</Filter>
    </ClInclude>
    <ClInclude Include="Engine\IMUSourceEngine.h">
      <Filter>Engine\Header Files</Filter>
    </ClInclude>
    <ClInclude Include="ITMLib\Engine\ITMTrackingController.h">
      <Filter>ITMLib\Engine</Filter>
    </ClInclude>
    <ClInclude Include="ITMLib\Engine\ITMCompositeTracker.h">
      <Filter>ITMLib\Engine\Trackers</Filter>
    </ClInclude>
    <ClInclude Include="ITMLib\Utils\ITMCalibIO.h">
      <Filter>ITMLib\Utils</Filter>
    </ClInclude>
    <ClInclude Include="ITMLib\Utils\ITMLibDefines.h">
      <Filter>ITMLib\Utils</Filter>
    </ClInclude>
    <ClInclude Include="ITMLib\Utils\ITMLibSettings.h">
      <Filter>ITMLib\Utils</Filter>
    </ClInclude>
    <ClInclude Include="ITMLib\Utils\ITMMath.h">
      <Filter>ITMLib\Utils</Filter>
    </ClInclude>
    <ClInclude Include="ITMLib\Engine\ITMIMUCalibrator.h">
      <Filter>ITMLib\Engine</Filter>
    </ClInclude>
    <ClInclude Include="Utils\FileUtils.h">
      <Filter>Utils</Filter>
    </ClInclude>
    <ClInclude Include="Utils\NVTimer.h">
      <Filter>Utils</Filter>
    </ClInclude>
    <ClInclude Include="ITMLib\Engine\ITMTrackerFactory.h">
      <Filter>ITMLib\Engine</Filter>
    </ClInclude>
    <ClInclude Include="ITMLib\Engine\DeviceAgnostic\ITMPixelUtils.h">
      <Filter>ITMLib\Engine\DeviceAgnostic</Filter>
    </ClInclude>
    <ClInclude Include="ITMLib\Objects\ITMMesh.h">
      <Filter>ITMLib\Objects</Filter>
    </ClInclude>
    <ClInclude Include="ITMLib\Engine\ITMMeshingEngine.h">
      <Filter>ITMLib\Engine</Filter>
    </ClInclude>
    <ClInclude Include="ITMLib\Engine\DeviceAgnostic\ITMMeshingEngine.h">
      <Filter>ITMLib\Engine\DeviceAgnostic</Filter>
    </ClInclude>
    <ClInclude Include="ITMLib\Engine\DeviceSpecific\CPU\ITMMeshingEngine_CPU.h">
      <Filter>ITMLib\Engine\DeviceSpecific\CPU</Filter>
    </ClInclude>
    <ClInclude Include="ITMLib\Engine\DeviceSpecific\CUDA\ITMMeshingEngine_CUDA.h">
      <Filter>ITMLib\Engine\DeviceSpecific\CUDA</Filter>
    </ClInclude>
    <ClInclude Include="ITMLib\Engine\ITMWeightedICPTracker.h">
      <Filter>ITMLib\Engine\Trackers</Filter>
    </ClInclude>
    <ClInclude Include="ITMLib\Engine\DeviceSpecific\CPU\ITMWeightedICPTracker_CPU.h">
      <Filter>ITMLib\Engine\DeviceSpecific\CPU</Filter>
    </ClInclude>
    <ClInclude Include="ITMLib\Engine\DeviceSpecific\CUDA\ITMWeightedICPTracker_CUDA.h">
      <Filter>ITMLib\Engine\DeviceSpecific\CUDA</Filter>
    </ClInclude>
    <ClInclude Include="Engine\LibUVCEngine.h">
      <Filter>Engine\Header Files</Filter>
    </ClInclude>
    <ClInclude Include="Engine\RealSenseEngine.h">
      <Filter>Engine\Header Files</Filter>
    </ClInclude>
    <ClInclude Include="Engine\PicoFlexxEngine.h">
      <Filter>Engine\Header Files</Filter>
    </ClInclude>
  </ItemGroup>
  <ItemGroup>
    <CudaCompile Include="ITMLib\Engine\DeviceSpecific\CUDA\ITMColorTracker_CUDA.cu">
      <Filter>ITMLib\Engine\DeviceSpecific\CUDA</Filter>
    </CudaCompile>
    <CudaCompile Include="ITMLib\Engine\DeviceSpecific\CUDA\ITMDepthTracker_CUDA.cu">
      <Filter>ITMLib\Engine\DeviceSpecific\CUDA</Filter>
    </CudaCompile>
    <CudaCompile Include="ITMLib\Engine\DeviceSpecific\CUDA\ITMLowLevelEngine_CUDA.cu">
      <Filter>ITMLib\Engine\DeviceSpecific\CUDA</Filter>
    </CudaCompile>
    <CudaCompile Include="ITMLib\Engine\DeviceSpecific\CUDA\ITMSceneReconstructionEngine_CUDA.cu">
      <Filter>ITMLib\Engine\DeviceSpecific\CUDA</Filter>
    </CudaCompile>
    <CudaCompile Include="ITMLib\Engine\DeviceSpecific\CUDA\ITMSwappingEngine_CUDA.cu">
      <Filter>ITMLib\Engine\DeviceSpecific\CUDA</Filter>
    </CudaCompile>
    <CudaCompile Include="ITMLib\Engine\DeviceSpecific\CUDA\ITMVisualisationEngine_CUDA.cu">
      <Filter>ITMLib\Engine\DeviceSpecific\CUDA</Filter>
    </CudaCompile>
    <CudaCompile Include="ITMLib\Engine\DeviceSpecific\CUDA\ITMRenTracker_CUDA.cu">
      <Filter>ITMLib\Engine\DeviceSpecific\CUDA</Filter>
    </CudaCompile>
    <CudaCompile Include="ITMLib\Engine\DeviceSpecific\CUDA\ITMViewBuilder_CUDA.cu">
      <Filter>ITMLib\Engine\DeviceSpecific\CUDA</Filter>
    </CudaCompile>
    <CudaCompile Include="ITMLib\Engine\DeviceSpecific\CUDA\ITMMeshingEngine_CUDA.cu">
      <Filter>ITMLib\Engine\DeviceSpecific\CUDA</Filter>
    </CudaCompile>
    <CudaCompile Include="ITMLib\Engine\DeviceSpecific\CUDA\ITMWeightedICPTracker_CUDA.cu">
      <Filter>ITMLib\Engine\DeviceSpecific\CUDA</Filter>
    </CudaCompile>
  </ItemGroup>
</Project>